
Microsoft Visual Studio Solution File, Format Version 12.00
# Visual Studio 2013
VisualStudioVersion = 12.0.31101.0
MinimumVisualStudioVersion = 10.0.40219.1
Project("{CC5FD16D-436D-48AD-A40C-5A424C6E3E79}") = "Plantduino", "Plantduino\Plantduino.ccproj", "{F1BAFA1A-C39A-44C5-BEAB-17D069C59F0F}"
EndProject
Project("{FAE04EC0-301F-11D3-BF4B-00C04F79EFBC}") = "Plantduino.Worker", "Plantduino.Worker\Plantduino.Worker.csproj", "{4AC940FB-883B-4A2E-A09C-9D842103E869}"
EndProject
Project("{FAE04EC0-301F-11D3-BF4B-00C04F79EFBC}") = "Plantduino.Worker.Tests", "Plantduino.Worker.Tests\Plantduino.Worker.Tests.csproj", "{A504A4AA-B96B-4BDD-B17E-0CA3715874D6}"
EndProject
Project("{FAE04EC0-301F-11D3-BF4B-00C04F79EFBC}") = "Plantduino.Domain", "Plantduino.Domain\Plantduino.Domain.csproj", "{11FFCB40-8B44-47E8-9D8C-87C82756B60C}"
EndProject
Project("{FAE04EC0-301F-11D3-BF4B-00C04F79EFBC}") = "Plantduino.Application", "Plantduino.Application\Plantduino.Application.csproj", "{374C4123-0DBB-4D02-97C7-9707774EEF09}"
EndProject
Project("{FAE04EC0-301F-11D3-BF4B-00C04F79EFBC}") = "Plantduino.Infrastructure.ServiceBus", "Plantduino.Infrastructure.ServiceBus\Plantduino.Infrastructure.ServiceBus.csproj", "{C7942C07-0AF2-4408-B2B4-ABE6BE05803B}"
EndProject
Project("{FAE04EC0-301F-11D3-BF4B-00C04F79EFBC}") = "Plantduino.Infrastructure.Twilio", "Plantduino.Infrastructure.Twilio\Plantduino.Infrastructure.Twilio.csproj", "{D830FF12-2E34-4798-B87F-97F8222BB06E}"
EndProject
Project("{FAE04EC0-301F-11D3-BF4B-00C04F79EFBC}") = "Plantduino.Infrastructure.Elastic", "Plantduino.Infrastructure.Elastic\Plantduino.Infrastructure.Elastic.csproj", "{78E93181-EC9E-48D6-9278-59D04D51F619}"
EndProject
Project("{2150E333-8FDC-42A3-9474-1A3956D46DE8}") = "Tests", "Tests", "{03E3F6C3-F5C2-4F24-9E12-D5327BC1BC40}"
EndProject
Project("{FAE04EC0-301F-11D3-BF4B-00C04F79EFBC}") = "Plantduino.Application.Tests", "Plantduino.Application.Tests\Plantduino.Application.Tests.csproj", "{46AD0441-141E-4781-848E-60CD05D3614C}"
EndProject
Global
	GlobalSection(SolutionConfigurationPlatforms) = preSolution
		Debug|Any CPU = Debug|Any CPU
		Release|Any CPU = Release|Any CPU
	EndGlobalSection
	GlobalSection(ProjectConfigurationPlatforms) = postSolution
		{F1BAFA1A-C39A-44C5-BEAB-17D069C59F0F}.Debug|Any CPU.ActiveCfg = Debug|Any CPU
		{F1BAFA1A-C39A-44C5-BEAB-17D069C59F0F}.Debug|Any CPU.Build.0 = Debug|Any CPU
		{F1BAFA1A-C39A-44C5-BEAB-17D069C59F0F}.Release|Any CPU.ActiveCfg = Release|Any CPU
		{F1BAFA1A-C39A-44C5-BEAB-17D069C59F0F}.Release|Any CPU.Build.0 = Release|Any CPU
		{4AC940FB-883B-4A2E-A09C-9D842103E869}.Debug|Any CPU.ActiveCfg = Debug|Any CPU
		{4AC940FB-883B-4A2E-A09C-9D842103E869}.Debug|Any CPU.Build.0 = Debug|Any CPU
		{4AC940FB-883B-4A2E-A09C-9D842103E869}.Release|Any CPU.ActiveCfg = Release|Any CPU
		{4AC940FB-883B-4A2E-A09C-9D842103E869}.Release|Any CPU.Build.0 = Release|Any CPU
		{A504A4AA-B96B-4BDD-B17E-0CA3715874D6}.Debug|Any CPU.ActiveCfg = Debug|Any CPU
		{A504A4AA-B96B-4BDD-B17E-0CA3715874D6}.Debug|Any CPU.Build.0 = Debug|Any CPU
		{A504A4AA-B96B-4BDD-B17E-0CA3715874D6}.Release|Any CPU.ActiveCfg = Release|Any CPU
		{A504A4AA-B96B-4BDD-B17E-0CA3715874D6}.Release|Any CPU.Build.0 = Release|Any CPU
		{11FFCB40-8B44-47E8-9D8C-87C82756B60C}.Debug|Any CPU.ActiveCfg = Debug|Any CPU
		{11FFCB40-8B44-47E8-9D8C-87C82756B60C}.Debug|Any CPU.Build.0 = Debug|Any CPU
		{11FFCB40-8B44-47E8-9D8C-87C82756B60C}.Release|Any CPU.ActiveCfg = Release|Any CPU
		{11FFCB40-8B44-47E8-9D8C-87C82756B60C}.Release|Any CPU.Build.0 = Release|Any CPU
		{374C4123-0DBB-4D02-97C7-9707774EEF09}.Debug|Any CPU.ActiveCfg = Debug|Any CPU
		{374C4123-0DBB-4D02-97C7-9707774EEF09}.Debug|Any CPU.Build.0 = Debug|Any CPU
		{374C4123-0DBB-4D02-97C7-9707774EEF09}.Release|Any CPU.ActiveCfg = Release|Any CPU
		{374C4123-0DBB-4D02-97C7-9707774EEF09}.Release|Any CPU.Build.0 = Release|Any CPU
		{C7942C07-0AF2-4408-B2B4-ABE6BE05803B}.Debug|Any CPU.ActiveCfg = Debug|Any CPU
		{C7942C07-0AF2-4408-B2B4-ABE6BE05803B}.Debug|Any CPU.Build.0 = Debug|Any CPU
		{C7942C07-0AF2-4408-B2B4-ABE6BE05803B}.Release|Any CPU.ActiveCfg = Release|Any CPU
		{C7942C07-0AF2-4408-B2B4-ABE6BE05803B}.Release|Any CPU.Build.0 = Release|Any CPU
		{D830FF12-2E34-4798-B87F-97F8222BB06E}.Debug|Any CPU.ActiveCfg = Debug|Any CPU
		{D830FF12-2E34-4798-B87F-97F8222BB06E}.Debug|Any CPU.Build.0 = Debug|Any CPU
		{D830FF12-2E34-4798-B87F-97F8222BB06E}.Release|Any CPU.ActiveCfg = Release|Any CPU
		{D830FF12-2E34-4798-B87F-97F8222BB06E}.Release|Any CPU.Build.0 = Release|Any CPU
		{78E93181-EC9E-48D6-9278-59D04D51F619}.Debug|Any CPU.ActiveCfg = Debug|Any CPU
		{78E93181-EC9E-48D6-9278-59D04D51F619}.Debug|Any CPU.Build.0 = Debug|Any CPU
		{78E93181-EC9E-48D6-9278-59D04D51F619}.Release|Any CPU.ActiveCfg = Release|Any CPU
		{78E93181-EC9E-48D6-9278-59D04D51F619}.Release|Any CPU.Build.0 = Release|Any CPU
		{46AD0441-141E-4781-848E-60CD05D3614C}.Debug|Any CPU.ActiveCfg = Debug|Any CPU
		{46AD0441-141E-4781-848E-60CD05D3614C}.Debug|Any CPU.Build.0 = Debug|Any CPU
		{46AD0441-141E-4781-848E-60CD05D3614C}.Release|Any CPU.ActiveCfg = Release|Any CPU
		{46AD0441-141E-4781-848E-60CD05D3614C}.Release|Any CPU.Build.0 = Release|Any CPU
	EndGlobalSection
	GlobalSection(SolutionProperties) = preSolution
		HideSolutionNode = FALSE
	EndGlobalSection
	GlobalSection(NestedProjects) = preSolution
		{46AD0441-141E-4781-848E-60CD05D3614C} = {03E3F6C3-F5C2-4F24-9E12-D5327BC1BC40}
	EndGlobalSection
EndGlobal
