
Microsoft Visual Studio Solution File, Format Version 12.00
# Visual Studio 2013
VisualStudioVersion = 12.0.31101.0
MinimumVisualStudioVersion = 10.0.40219.1
Project("{CC5FD16D-436D-48AD-A40C-5A424C6E3E79}") = "Plantduino", "Plantduino\Plantduino.ccproj", "{F1BAFA1A-C39A-44C5-BEAB-17D069C59F0F}"
EndProject
Project("{FAE04EC0-301F-11D3-BF4B-00C04F79EFBC}") = "Plantduino.Worker", "Plantduino.Worker\Plantduino.Worker.csproj", "{4AC940FB-883B-4A2E-A09C-9D842103E869}"
EndProject
Project("{FAE04EC0-301F-11D3-BF4B-00C04F79EFBC}") = "Plantduino.Worker.Tests", "Plantduino.Worker.Tests\Plantduino.Worker.Tests.csproj", "{A504A4AA-B96B-4BDD-B17E-0CA3715874D6}"
EndProject
Global
	GlobalSection(SolutionConfigurationPlatforms) = preSolution
		Debug|Any CPU = Debug|Any CPU
		Release|Any CPU = Release|Any CPU
	EndGlobalSection
	GlobalSection(ProjectConfigurationPlatforms) = postSolution
		{F1BAFA1A-C39A-44C5-BEAB-17D069C59F0F}.Debug|Any CPU.ActiveCfg = Debug|Any CPU
		{F1BAFA1A-C39A-44C5-BEAB-17D069C59F0F}.Debug|Any CPU.Build.0 = Debug|Any CPU
		{F1BAFA1A-C39A-44C5-BEAB-17D069C59F0F}.Release|Any CPU.ActiveCfg = Release|Any CPU
		{F1BAFA1A-C39A-44C5-BEAB-17D069C59F0F}.Release|Any CPU.Build.0 = Release|Any CPU
		{4AC940FB-883B-4A2E-A09C-9D842103E869}.Debug|Any CPU.ActiveCfg = Debug|Any CPU
		{4AC940FB-883B-4A2E-A09C-9D842103E869}.Debug|Any CPU.Build.0 = Debug|Any CPU
		{4AC940FB-883B-4A2E-A09C-9D842103E869}.Release|Any CPU.ActiveCfg = Release|Any CPU
		{4AC940FB-883B-4A2E-A09C-9D842103E869}.Release|Any CPU.Build.0 = Release|Any CPU
		{A504A4AA-B96B-4BDD-B17E-0CA3715874D6}.Debug|Any CPU.ActiveCfg = Debug|Any CPU
		{A504A4AA-B96B-4BDD-B17E-0CA3715874D6}.Debug|Any CPU.Build.0 = Debug|Any CPU
		{A504A4AA-B96B-4BDD-B17E-0CA3715874D6}.Release|Any CPU.ActiveCfg = Release|Any CPU
		{A504A4AA-B96B-4BDD-B17E-0CA3715874D6}.Release|Any CPU.Build.0 = Release|Any CPU
	EndGlobalSection
	GlobalSection(SolutionProperties) = preSolution
		HideSolutionNode = FALSE
	EndGlobalSection
EndGlobal
